// !$*UTF8*$!
{
	archiveVersion = 1;
	classes = {
	};
	objectVersion = 55;
	objects = {

/* Begin PBXBuildFile section */
		F80E6BBD27EFCC400027694C /* SecondaryFormTableViewController.swift in Sources */ = {isa = PBXBuildFile; fileRef = F80E6BBC27EFCC400027694C /* SecondaryFormTableViewController.swift */; };
		F83576D527EF73A800890586 /* AppDelegate.swift in Sources */ = {isa = PBXBuildFile; fileRef = F83576D427EF73A800890586 /* AppDelegate.swift */; };
		F83576D727EF73A800890586 /* SceneDelegate.swift in Sources */ = {isa = PBXBuildFile; fileRef = F83576D627EF73A800890586 /* SceneDelegate.swift */; };
		F83576DC27EF73A800890586 /* Main.storyboard in Resources */ = {isa = PBXBuildFile; fileRef = F83576DA27EF73A800890586 /* Main.storyboard */; };
		F83576DE27EF73A900890586 /* Assets.xcassets in Resources */ = {isa = PBXBuildFile; fileRef = F83576DD27EF73A900890586 /* Assets.xcassets */; };
		F83576E127EF73A900890586 /* LaunchScreen.storyboard in Resources */ = {isa = PBXBuildFile; fileRef = F83576DF27EF73A900890586 /* LaunchScreen.storyboard */; };
		F83576E927EF7A6B00890586 /* User.swift in Sources */ = {isa = PBXBuildFile; fileRef = F83576E827EF7A6B00890586 /* User.swift */; };
		F83576EB27EF7C8C00890586 /* FormViewController.swift in Sources */ = {isa = PBXBuildFile; fileRef = F83576EA27EF7C8C00890586 /* FormViewController.swift */; };
		F85DF98E27F000860039B398 /* StatusViewController.swift in Sources */ = {isa = PBXBuildFile; fileRef = F85DF98D27F000860039B398 /* StatusViewController.swift */; };
		F85DF99427F018F70039B398 /* EducationCollectionViewController.swift in Sources */ = {isa = PBXBuildFile; fileRef = F85DF99327F018F70039B398 /* EducationCollectionViewController.swift */; };
		F85DF99627F019A00039B398 /* EducationArticle.swift in Sources */ = {isa = PBXBuildFile; fileRef = F85DF99527F019A00039B398 /* EducationArticle.swift */; };
		F85DF99927F028BE0039B398 /* StatusNavigationController.swift in Sources */ = {isa = PBXBuildFile; fileRef = F85DF99827F028BE0039B398 /* StatusNavigationController.swift */; };
		F8AE924827EFD3D800D9F805 /* SecondaryTableViewCell.swift in Sources */ = {isa = PBXBuildFile; fileRef = F8AE924727EFD3D800D9F805 /* SecondaryTableViewCell.swift */; };
		F8AE924A27EFDE3900D9F805 /* ContinueTableViewCell.swift in Sources */ = {isa = PBXBuildFile; fileRef = F8AE924927EFDE3900D9F805 /* ContinueTableViewCell.swift */; };
		F8AE924E27EFEDC100D9F805 /* MyTabBarController.swift in Sources */ = {isa = PBXBuildFile; fileRef = F8AE924D27EFEDC100D9F805 /* MyTabBarController.swift */; };
/* End PBXBuildFile section */

/* Begin PBXFileReference section */
		F80E6BBC27EFCC400027694C /* SecondaryFormTableViewController.swift */ = {isa = PBXFileReference; lastKnownFileType = sourcecode.swift; path = SecondaryFormTableViewController.swift; sourceTree = "<group>"; };
		F83576D127EF73A800890586 /* Futurance.app */ = {isa = PBXFileReference; explicitFileType = wrapper.application; includeInIndex = 0; path = Futurance.app; sourceTree = BUILT_PRODUCTS_DIR; };
		F83576D427EF73A800890586 /* AppDelegate.swift */ = {isa = PBXFileReference; lastKnownFileType = sourcecode.swift; path = AppDelegate.swift; sourceTree = "<group>"; };
		F83576D627EF73A800890586 /* SceneDelegate.swift */ = {isa = PBXFileReference; lastKnownFileType = sourcecode.swift; path = SceneDelegate.swift; sourceTree = "<group>"; };
		F83576DB27EF73A800890586 /* Base */ = {isa = PBXFileReference; lastKnownFileType = file.storyboard; name = Base; path = Base.lproj/Main.storyboard; sourceTree = "<group>"; };
		F83576DD27EF73A900890586 /* Assets.xcassets */ = {isa = PBXFileReference; lastKnownFileType = folder.assetcatalog; path = Assets.xcassets; sourceTree = "<group>"; };
		F83576E027EF73A900890586 /* Base */ = {isa = PBXFileReference; lastKnownFileType = file.storyboard; name = Base; path = Base.lproj/LaunchScreen.storyboard; sourceTree = "<group>"; };
		F83576E227EF73A900890586 /* Info.plist */ = {isa = PBXFileReference; lastKnownFileType = text.plist.xml; path = Info.plist; sourceTree = "<group>"; };
		F83576E827EF7A6B00890586 /* User.swift */ = {isa = PBXFileReference; lastKnownFileType = sourcecode.swift; path = User.swift; sourceTree = "<group>"; };
		F83576EA27EF7C8C00890586 /* FormViewController.swift */ = {isa = PBXFileReference; lastKnownFileType = sourcecode.swift; path = FormViewController.swift; sourceTree = "<group>"; };
		F85DF98D27F000860039B398 /* StatusViewController.swift */ = {isa = PBXFileReference; lastKnownFileType = sourcecode.swift; path = StatusViewController.swift; sourceTree = "<group>"; };
		F85DF99327F018F70039B398 /* EducationCollectionViewController.swift */ = {isa = PBXFileReference; lastKnownFileType = sourcecode.swift; path = EducationCollectionViewController.swift; sourceTree = "<group>"; };
		F85DF99527F019A00039B398 /* EducationArticle.swift */ = {isa = PBXFileReference; lastKnownFileType = sourcecode.swift; path = EducationArticle.swift; sourceTree = "<group>"; };
		F85DF99827F028BE0039B398 /* StatusNavigationController.swift */ = {isa = PBXFileReference; lastKnownFileType = sourcecode.swift; path = StatusNavigationController.swift; sourceTree = "<group>"; };
		F8AE924727EFD3D800D9F805 /* SecondaryTableViewCell.swift */ = {isa = PBXFileReference; lastKnownFileType = sourcecode.swift; path = SecondaryTableViewCell.swift; sourceTree = "<group>"; };
		F8AE924927EFDE3900D9F805 /* ContinueTableViewCell.swift */ = {isa = PBXFileReference; lastKnownFileType = sourcecode.swift; path = ContinueTableViewCell.swift; sourceTree = "<group>"; };
		F8AE924D27EFEDC100D9F805 /* MyTabBarController.swift */ = {isa = PBXFileReference; lastKnownFileType = sourcecode.swift; path = MyTabBarController.swift; sourceTree = "<group>"; };
/* End PBXFileReference section */

/* Begin PBXFrameworksBuildPhase section */
		F83576CE27EF73A800890586 /* Frameworks */ = {
			isa = PBXFrameworksBuildPhase;
			buildActionMask = 2147483647;
			files = (
			);
			runOnlyForDeploymentPostprocessing = 0;
		};
/* End PBXFrameworksBuildPhase section */

/* Begin PBXGroup section */
		F80E6BB927EFBE770027694C /* Models */ = {
			isa = PBXGroup;
			children = (
				F83576E827EF7A6B00890586 /* User.swift */,
			);
			path = Models;
			sourceTree = "<group>";
		};
		F83576C827EF73A800890586 = {
			isa = PBXGroup;
			children = (
				F83576D327EF73A800890586 /* Futurance */,
				F83576D227EF73A800890586 /* Products */,
			);
			sourceTree = "<group>";
		};
		F83576D227EF73A800890586 /* Products */ = {
			isa = PBXGroup;
			children = (
				F83576D127EF73A800890586 /* Futurance.app */,
			);
			name = Products;
			sourceTree = "<group>";
		};
		F83576D327EF73A800890586 /* Futurance */ = {
			isa = PBXGroup;
			children = (
				F85DF99827F028BE0039B398 /* StatusNavigationController.swift */,
				F83576D427EF73A800890586 /* AppDelegate.swift */,
				F83576D627EF73A800890586 /* SceneDelegate.swift */,
				F83576DA27EF73A800890586 /* Main.storyboard */,
				F85DF98D27F000860039B398 /* StatusViewController.swift */,
				F8AE924D27EFEDC100D9F805 /* MyTabBarController.swift */,
				F85DF99727F019AA0039B398 /* Education */,
				F8AE924F27EFF92200D9F805 /* Initial Form */,
				F80E6BB927EFBE770027694C /* Models */,
				F83576DD27EF73A900890586 /* Assets.xcassets */,
				F83576DF27EF73A900890586 /* LaunchScreen.storyboard */,
				F83576E227EF73A900890586 /* Info.plist */,
			);
			path = Futurance;
			sourceTree = "<group>";
		};
		F85DF99727F019AA0039B398 /* Education */ = {
			isa = PBXGroup;
			children = (
				F85DF99327F018F70039B398 /* EducationCollectionViewController.swift */,
				F85DF99527F019A00039B398 /* EducationArticle.swift */,
			);
			path = Education;
			sourceTree = "<group>";
		};
		F8AE924F27EFF92200D9F805 /* Initial Form */ = {
			isa = PBXGroup;
			children = (
				F83576EA27EF7C8C00890586 /* FormViewController.swift */,
				F80E6BBC27EFCC400027694C /* SecondaryFormTableViewController.swift */,
				F8AE924927EFDE3900D9F805 /* ContinueTableViewCell.swift */,
				F8AE924727EFD3D800D9F805 /* SecondaryTableViewCell.swift */,
			);
			path = "Initial Form";
			sourceTree = "<group>";
		};
/* End PBXGroup section */

/* Begin PBXNativeTarget section */
		F83576D027EF73A800890586 /* Futurance */ = {
			isa = PBXNativeTarget;
			buildConfigurationList = F83576E527EF73A900890586 /* Build configuration list for PBXNativeTarget "Futurance" */;
			buildPhases = (
				F83576CD27EF73A800890586 /* Sources */,
				F83576CE27EF73A800890586 /* Frameworks */,
				F83576CF27EF73A800890586 /* Resources */,
			);
			buildRules = (
			);
			dependencies = (
			);
			name = Futurance;
			productName = Futurance;
			productReference = F83576D127EF73A800890586 /* Futurance.app */;
			productType = "com.apple.product-type.application";
		};
/* End PBXNativeTarget section */

/* Begin PBXProject section */
		F83576C927EF73A800890586 /* Project object */ = {
			isa = PBXProject;
			attributes = {
				BuildIndependentTargetsInParallel = 1;
				LastSwiftUpdateCheck = 1330;
				LastUpgradeCheck = 1330;
				TargetAttributes = {
					F83576D027EF73A800890586 = {
						CreatedOnToolsVersion = 13.3;
					};
				};
			};
			buildConfigurationList = F83576CC27EF73A800890586 /* Build configuration list for PBXProject "Futurance" */;
			compatibilityVersion = "Xcode 13.0";
			developmentRegion = en;
			hasScannedForEncodings = 0;
			knownRegions = (
				en,
				Base,
			);
			mainGroup = F83576C827EF73A800890586;
			productRefGroup = F83576D227EF73A800890586 /* Products */;
			projectDirPath = "";
			projectRoot = "";
			targets = (
				F83576D027EF73A800890586 /* Futurance */,
			);
		};
/* End PBXProject section */

/* Begin PBXResourcesBuildPhase section */
		F83576CF27EF73A800890586 /* Resources */ = {
			isa = PBXResourcesBuildPhase;
			buildActionMask = 2147483647;
			files = (
				F83576E127EF73A900890586 /* LaunchScreen.storyboard in Resources */,
				F83576DE27EF73A900890586 /* Assets.xcassets in Resources */,
				F83576DC27EF73A800890586 /* Main.storyboard in Resources */,
			);
			runOnlyForDeploymentPostprocessing = 0;
		};
/* End PBXResourcesBuildPhase section */

/* Begin PBXSourcesBuildPhase section */
		F83576CD27EF73A800890586 /* Sources */ = {
			isa = PBXSourcesBuildPhase;
			buildActionMask = 2147483647;
			files = (
				F83576E927EF7A6B00890586 /* User.swift in Sources */,
				F85DF99627F019A00039B398 /* EducationArticle.swift in Sources */,
				F83576D527EF73A800890586 /* AppDelegate.swift in Sources */,
				F8AE924E27EFEDC100D9F805 /* MyTabBarController.swift in Sources */,
				F8AE924827EFD3D800D9F805 /* SecondaryTableViewCell.swift in Sources */,
				F85DF98E27F000860039B398 /* StatusViewController.swift in Sources */,
				F80E6BBD27EFCC400027694C /* SecondaryFormTableViewController.swift in Sources */,
				F8AE924A27EFDE3900D9F805 /* ContinueTableViewCell.swift in Sources */,
				F83576EB27EF7C8C00890586 /* FormViewController.swift in Sources */,
				F83576D727EF73A800890586 /* SceneDelegate.swift in Sources */,
				F85DF99927F028BE0039B398 /* StatusNavigationController.swift in Sources */,
				F85DF99427F018F70039B398 /* EducationCollectionViewController.swift in Sources */,
			);
			runOnlyForDeploymentPostprocessing = 0;
		};
/* End PBXSourcesBuildPhase section */

/* Begin PBXVariantGroup section */
		F83576DA27EF73A800890586 /* Main.storyboard */ = {
			isa = PBXVariantGroup;
			children = (
				F83576DB27EF73A800890586 /* Base */,
			);
			name = Main.storyboard;
			sourceTree = "<group>";
		};
		F83576DF27EF73A900890586 /* LaunchScreen.storyboard */ = {
			isa = PBXVariantGroup;
			children = (
				F83576E027EF73A900890586 /* Base */,
			);
			name = LaunchScreen.storyboard;
			sourceTree = "<group>";
		};
/* End PBXVariantGroup section */

/* Begin XCBuildConfiguration section */
		F83576E327EF73A900890586 /* Debug */ = {
			isa = XCBuildConfiguration;
			buildSettings = {
				ALWAYS_SEARCH_USER_PATHS = NO;
				CLANG_ANALYZER_NONNULL = YES;
				CLANG_ANALYZER_NUMBER_OBJECT_CONVERSION = YES_AGGRESSIVE;
				CLANG_CXX_LANGUAGE_STANDARD = "gnu++17";
				CLANG_ENABLE_MODULES = YES;
				CLANG_ENABLE_OBJC_ARC = YES;
				CLANG_ENABLE_OBJC_WEAK = YES;
				CLANG_WARN_BLOCK_CAPTURE_AUTORELEASING = YES;
				CLANG_WARN_BOOL_CONVERSION = YES;
				CLANG_WARN_COMMA = YES;
				CLANG_WARN_CONSTANT_CONVERSION = YES;
				CLANG_WARN_DEPRECATED_OBJC_IMPLEMENTATIONS = YES;
				CLANG_WARN_DIRECT_OBJC_ISA_USAGE = YES_ERROR;
				CLANG_WARN_DOCUMENTATION_COMMENTS = YES;
				CLANG_WARN_EMPTY_BODY = YES;
				CLANG_WARN_ENUM_CONVERSION = YES;
				CLANG_WARN_INFINITE_RECURSION = YES;
				CLANG_WARN_INT_CONVERSION = YES;
				CLANG_WARN_NON_LITERAL_NULL_CONVERSION = YES;
				CLANG_WARN_OBJC_IMPLICIT_RETAIN_SELF = YES;
				CLANG_WARN_OBJC_LITERAL_CONVERSION = YES;
				CLANG_WARN_OBJC_ROOT_CLASS = YES_ERROR;
				CLANG_WARN_QUOTED_INCLUDE_IN_FRAMEWORK_HEADER = YES;
				CLANG_WARN_RANGE_LOOP_ANALYSIS = YES;
				CLANG_WARN_STRICT_PROTOTYPES = YES;
				CLANG_WARN_SUSPICIOUS_MOVE = YES;
				CLANG_WARN_UNGUARDED_AVAILABILITY = YES_AGGRESSIVE;
				CLANG_WARN_UNREACHABLE_CODE = YES;
				CLANG_WARN__DUPLICATE_METHOD_MATCH = YES;
				COPY_PHASE_STRIP = NO;
				DEBUG_INFORMATION_FORMAT = dwarf;
				ENABLE_STRICT_OBJC_MSGSEND = YES;
				ENABLE_TESTABILITY = YES;
				GCC_C_LANGUAGE_STANDARD = gnu11;
				GCC_DYNAMIC_NO_PIC = NO;
				GCC_NO_COMMON_BLOCKS = YES;
				GCC_OPTIMIZATION_LEVEL = 0;
				GCC_PREPROCESSOR_DEFINITIONS = (
					"DEBUG=1",
					"$(inherited)",
				);
				GCC_WARN_64_TO_32_BIT_CONVERSION = YES;
				GCC_WARN_ABOUT_RETURN_TYPE = YES_ERROR;
				GCC_WARN_UNDECLARED_SELECTOR = YES;
				GCC_WARN_UNINITIALIZED_AUTOS = YES_AGGRESSIVE;
				GCC_WARN_UNUSED_FUNCTION = YES;
				GCC_WARN_UNUSED_VARIABLE = YES;
				IPHONEOS_DEPLOYMENT_TARGET = 15.4;
				MTL_ENABLE_DEBUG_INFO = INCLUDE_SOURCE;
				MTL_FAST_MATH = YES;
				ONLY_ACTIVE_ARCH = YES;
				SDKROOT = iphoneos;
				SWIFT_ACTIVE_COMPILATION_CONDITIONS = DEBUG;
				SWIFT_OPTIMIZATION_LEVEL = "-Onone";
			};
			name = Debug;
		};
		F83576E427EF73A900890586 /* Release */ = {
			isa = XCBuildConfiguration;
			buildSettings = {
				ALWAYS_SEARCH_USER_PATHS = NO;
				CLANG_ANALYZER_NONNULL = YES;
				CLANG_ANALYZER_NUMBER_OBJECT_CONVERSION = YES_AGGRESSIVE;
				CLANG_CXX_LANGUAGE_STANDARD = "gnu++17";
				CLANG_ENABLE_MODULES = YES;
				CLANG_ENABLE_OBJC_ARC = YES;
				CLANG_ENABLE_OBJC_WEAK = YES;
				CLANG_WARN_BLOCK_CAPTURE_AUTORELEASING = YES;
				CLANG_WARN_BOOL_CONVERSION = YES;
				CLANG_WARN_COMMA = YES;
				CLANG_WARN_CONSTANT_CONVERSION = YES;
				CLANG_WARN_DEPRECATED_OBJC_IMPLEMENTATIONS = YES;
				CLANG_WARN_DIRECT_OBJC_ISA_USAGE = YES_ERROR;
				CLANG_WARN_DOCUMENTATION_COMMENTS = YES;
				CLANG_WARN_EMPTY_BODY = YES;
				CLANG_WARN_ENUM_CONVERSION = YES;
				CLANG_WARN_INFINITE_RECURSION = YES;
				CLANG_WARN_INT_CONVERSION = YES;
				CLANG_WARN_NON_LITERAL_NULL_CONVERSION = YES;
				CLANG_WARN_OBJC_IMPLICIT_RETAIN_SELF = YES;
				CLANG_WARN_OBJC_LITERAL_CONVERSION = YES;
				CLANG_WARN_OBJC_ROOT_CLASS = YES_ERROR;
				CLANG_WARN_QUOTED_INCLUDE_IN_FRAMEWORK_HEADER = YES;
				CLANG_WARN_RANGE_LOOP_ANALYSIS = YES;
				CLANG_WARN_STRICT_PROTOTYPES = YES;
				CLANG_WARN_SUSPICIOUS_MOVE = YES;
				CLANG_WARN_UNGUARDED_AVAILABILITY = YES_AGGRESSIVE;
				CLANG_WARN_UNREACHABLE_CODE = YES;
				CLANG_WARN__DUPLICATE_METHOD_MATCH = YES;
				COPY_PHASE_STRIP = NO;
				DEBUG_INFORMATION_FORMAT = "dwarf-with-dsym";
				ENABLE_NS_ASSERTIONS = NO;
				ENABLE_STRICT_OBJC_MSGSEND = YES;
				GCC_C_LANGUAGE_STANDARD = gnu11;
				GCC_NO_COMMON_BLOCKS = YES;
				GCC_WARN_64_TO_32_BIT_CONVERSION = YES;
				GCC_WARN_ABOUT_RETURN_TYPE = YES_ERROR;
				GCC_WARN_UNDECLARED_SELECTOR = YES;
				GCC_WARN_UNINITIALIZED_AUTOS = YES_AGGRESSIVE;
				GCC_WARN_UNUSED_FUNCTION = YES;
				GCC_WARN_UNUSED_VARIABLE = YES;
				IPHONEOS_DEPLOYMENT_TARGET = 15.4;
				MTL_ENABLE_DEBUG_INFO = NO;
				MTL_FAST_MATH = YES;
				SDKROOT = iphoneos;
				SWIFT_COMPILATION_MODE = wholemodule;
				SWIFT_OPTIMIZATION_LEVEL = "-O";
				VALIDATE_PRODUCT = YES;
			};
			name = Release;
		};
		F83576E627EF73A900890586 /* Debug */ = {
			isa = XCBuildConfiguration;
			buildSettings = {
				ASSETCATALOG_COMPILER_APPICON_NAME = AppIcon;
				ASSETCATALOG_COMPILER_GLOBAL_ACCENT_COLOR_NAME = AccentColor;
				CODE_SIGN_STYLE = Automatic;
				CURRENT_PROJECT_VERSION = 1;
				DEVELOPMENT_TEAM = GKV536JJ44;
				GENERATE_INFOPLIST_FILE = YES;
				INFOPLIST_FILE = Futurance/Info.plist;
				INFOPLIST_KEY_UIApplicationSupportsIndirectInputEvents = YES;
				INFOPLIST_KEY_UILaunchStoryboardName = LaunchScreen;
				INFOPLIST_KEY_UIMainStoryboardFile = Main;
				INFOPLIST_KEY_UISupportedInterfaceOrientations_iPad = "UIInterfaceOrientationPortrait UIInterfaceOrientationPortraitUpsideDown UIInterfaceOrientationLandscapeLeft UIInterfaceOrientationLandscapeRight";
				INFOPLIST_KEY_UISupportedInterfaceOrientations_iPhone = "UIInterfaceOrientationPortrait UIInterfaceOrientationLandscapeLeft UIInterfaceOrientationLandscapeRight";
				LD_RUNPATH_SEARCH_PATHS = (
					"$(inherited)",
					"@executable_path/Frameworks",
				);
				MARKETING_VERSION = 1.0;
				PRODUCT_BUNDLE_IDENTIFIER = com.jzf5hc.Futurance;
				PRODUCT_NAME = "$(TARGET_NAME)";
				SWIFT_EMIT_LOC_STRINGS = YES;
				SWIFT_VERSION = 5.0;
				TARGETED_DEVICE_FAMILY = "1,2";
			};
			name = Debug;
		};
		F83576E727EF73A900890586 /* Release */ = {
			isa = XCBuildConfiguration;
			buildSettings = {
				ASSETCATALOG_COMPILER_APPICON_NAME = AppIcon;
				ASSETCATALOG_COMPILER_GLOBAL_ACCENT_COLOR_NAME = AccentColor;
				CODE_SIGN_STYLE = Automatic;
				CURRENT_PROJECT_VERSION = 1;
				DEVELOPMENT_TEAM = GKV536JJ44;
				GENERATE_INFOPLIST_FILE = YES;
				INFOPLIST_FILE = Futurance/Info.plist;
				INFOPLIST_KEY_UIApplicationSupportsIndirectInputEvents = YES;
				INFOPLIST_KEY_UILaunchStoryboardName = LaunchScreen;
				INFOPLIST_KEY_UIMainStoryboardFile = Main;
				INFOPLIST_KEY_UISupportedInterfaceOrientations_iPad = "UIInterfaceOrientationPortrait UIInterfaceOrientationPortraitUpsideDown UIInterfaceOrientationLandscapeLeft UIInterfaceOrientationLandscapeRight";
				INFOPLIST_KEY_UISupportedInterfaceOrientations_iPhone = "UIInterfaceOrientationPortrait UIInterfaceOrientationLandscapeLeft UIInterfaceOrientationLandscapeRight";
				LD_RUNPATH_SEARCH_PATHS = (
					"$(inherited)",
					"@executable_path/Frameworks",
				);
				MARKETING_VERSION = 1.0;
				PRODUCT_BUNDLE_IDENTIFIER = com.jzf5hc.Futurance;
				PRODUCT_NAME = "$(TARGET_NAME)";
				SWIFT_EMIT_LOC_STRINGS = YES;
				SWIFT_VERSION = 5.0;
				TARGETED_DEVICE_FAMILY = "1,2";
			};
			name = Release;
		};
/* End XCBuildConfiguration section */

/* Begin XCConfigurationList section */
		F83576CC27EF73A800890586 /* Build configuration list for PBXProject "Futurance" */ = {
			isa = XCConfigurationList;
			buildConfigurations = (
				F83576E327EF73A900890586 /* Debug */,
				F83576E427EF73A900890586 /* Release */,
			);
			defaultConfigurationIsVisible = 0;
			defaultConfigurationName = Release;
		};
		F83576E527EF73A900890586 /* Build configuration list for PBXNativeTarget "Futurance" */ = {
			isa = XCConfigurationList;
			buildConfigurations = (
				F83576E627EF73A900890586 /* Debug */,
				F83576E727EF73A900890586 /* Release */,
			);
			defaultConfigurationIsVisible = 0;
			defaultConfigurationName = Release;
		};
/* End XCConfigurationList section */
	};
	rootObject = F83576C927EF73A800890586 /* Project object */;
}
